{
  "name": "@ledgerhq/devices",
  "version": "4.73.7",
  "lockfileVersion": 1,
  "requires": true,
  "dependencies": {
    "@ledgerhq/errors": {
      "version": "4.73.7",
      "resolved": "https://registry.npmjs.org/@ledgerhq/errors/-/errors-4.73.7.tgz",
      "integrity": "sha512-ybRJlRB3AjF6H19rQi5IuavvuGsBazzHL5ldw3DekvKlbjb+Mmf4ft21f2FKPynl9PlWhHVeVlhyVXXk+tuXOA=="
    },
    "@ledgerhq/logs": {
      "version": "4.72.0",
      "resolved": "https://registry.npmjs.org/@ledgerhq/logs/-/logs-4.72.0.tgz",
      "integrity": "sha512-o+TYF8vBcyySRsb2kqBDv/KMeme8a2nwWoG+lAWzbDmWfb2/MrVWYCVYDYvjXdSoI/Cujqy1i0gIDrkdxa9chA=="
    },
    "flow-bin": {
      "version": "0.109.0",
      "resolved": "https://registry.npmjs.org/flow-bin/-/flow-bin-0.109.0.tgz",
      "integrity": "sha512-tpcMTpAGIRivYhFV3KJq+zHI2HzcXo8MoGe9pXS4G/UZuey2Faq/e8/gdph2WF0erRlML5hmwfwiq7v9c25c7w==",
      "dev": true
    },
    "rxjs": {
      "version": "6.5.3",
      "resolved": "https://registry.npmjs.org/rxjs/-/rxjs-6.5.3.tgz",
      "integrity": "sha512-wuYsAYYFdWTAnAaPoKGNhfpWwKZbJW+HgAJ+mImp+Epl7BG8oNWBCTyRM8gba9k4lk8BgWdoYm21Mo/RYhhbgA==",
      "requires": {
        "tslib": "^1.9.0"
      }
    },
    "tslib": {
      "version": "1.10.0",
      "resolved": "https://registry.npmjs.org/tslib/-/tslib-1.10.0.tgz",
      "integrity": "sha512-qOebF53frne81cf0S9B41ByenJ3/IuH8yJKngAX35CmiZySA0khhkovshKK+jGCaMnVomla7gVlIcc3EvKPbTQ=="
    }
  }
}
